
Microsoft Visual Studio Solution File, Format Version 12.00
# Visual Studio 15
VisualStudioVersion = 15.0.28307.645
MinimumVisualStudioVersion = 10.0.40219.1
Project("{9A19103F-16F7-4668-BE54-9A1E7A4F7556}") = "SwiftNotationParser", "SwiftNotationParser\SwiftNotationParser.csproj", "{586046B5-1AB0-4400-A328-AC0CB0F6D5C1}"
EndProject
Project("{9A19103F-16F7-4668-BE54-9A1E7A4F7556}") = "ConsoleApp", "ConsoleApp\ConsoleApp.csproj", "{A3679FAB-7A02-4342-905A-6963554947E5}"
EndProject
Project("{FAE04EC0-301F-11D3-BF4B-00C04F79EFBC}") = "SwiftNotationParser.Tests", "SwiftNotationParser.Tests\SwiftNotationParser.Tests.csproj", "{DFD98EF6-DBAF-4245-9686-ADA5F53B546E}"
EndProject
Global
	GlobalSection(SolutionConfigurationPlatforms) = preSolution
		Debug|Any CPU = Debug|Any CPU
		Release|Any CPU = Release|Any CPU
	EndGlobalSection
	GlobalSection(ProjectConfigurationPlatforms) = postSolution
		{586046B5-1AB0-4400-A328-AC0CB0F6D5C1}.Debug|Any CPU.ActiveCfg = Debug|Any CPU
		{586046B5-1AB0-4400-A328-AC0CB0F6D5C1}.Debug|Any CPU.Build.0 = Debug|Any CPU
		{586046B5-1AB0-4400-A328-AC0CB0F6D5C1}.Release|Any CPU.ActiveCfg = Release|Any CPU
		{586046B5-1AB0-4400-A328-AC0CB0F6D5C1}.Release|Any CPU.Build.0 = Release|Any CPU
		{A3679FAB-7A02-4342-905A-6963554947E5}.Debug|Any CPU.ActiveCfg = Debug|Any CPU
		{A3679FAB-7A02-4342-905A-6963554947E5}.Debug|Any CPU.Build.0 = Debug|Any CPU
		{A3679FAB-7A02-4342-905A-6963554947E5}.Release|Any CPU.ActiveCfg = Release|Any CPU
		{A3679FAB-7A02-4342-905A-6963554947E5}.Release|Any CPU.Build.0 = Release|Any CPU
		{DFD98EF6-DBAF-4245-9686-ADA5F53B546E}.Debug|Any CPU.ActiveCfg = Debug|Any CPU
		{DFD98EF6-DBAF-4245-9686-ADA5F53B546E}.Debug|Any CPU.Build.0 = Debug|Any CPU
		{DFD98EF6-DBAF-4245-9686-ADA5F53B546E}.Release|Any CPU.ActiveCfg = Release|Any CPU
		{DFD98EF6-DBAF-4245-9686-ADA5F53B546E}.Release|Any CPU.Build.0 = Release|Any CPU
	EndGlobalSection
	GlobalSection(SolutionProperties) = preSolution
		HideSolutionNode = FALSE
	EndGlobalSection
	GlobalSection(ExtensibilityGlobals) = postSolution
		SolutionGuid = {87146850-0EE4-4E5D-AF2D-770890C18A33}
	EndGlobalSection
EndGlobal
